
Microsoft Visual Studio Solution File, Format Version 12.00
Project("{FAE04EC0-301F-11D3-BF4B-00C04F79EFBC}") = "FlipCardProject", "FlipCardProject\FlipCardProject.csproj", "{38237B7B-D8C5-4F0D-B1B0-916725AB101F}"
EndProject
Global
	GlobalSection(SolutionConfigurationPlatforms) = preSolution
		Debug|Any CPU = Debug|Any CPU
		Release|Any CPU = Release|Any CPU
	EndGlobalSection
	GlobalSection(ProjectConfigurationPlatforms) = postSolution
		{38237B7B-D8C5-4F0D-B1B0-916725AB101F}.Debug|Any CPU.ActiveCfg = Debug|Any CPU
		{38237B7B-D8C5-4F0D-B1B0-916725AB101F}.Debug|Any CPU.Build.0 = Debug|Any CPU
		{38237B7B-D8C5-4F0D-B1B0-916725AB101F}.Release|Any CPU.ActiveCfg = Release|Any CPU
		{38237B7B-D8C5-4F0D-B1B0-916725AB101F}.Release|Any CPU.Build.0 = Release|Any CPU
	EndGlobalSection
EndGlobal
